{
  "version": 4,
  "terraform_version": "0.12.20",
  "serial": 5,
  "lineage": "ac0ce763-10cc-e3ee-ef97-09ffcb89cb37",
  "outputs": {},
  "resources": [
    {
      "mode": "managed",
      "type": "azurerm_resource_group",
      "name": "terraform-arm",
      "provider": "provider.azurerm",
      "instances": [
        {
          "schema_version": 0,
          "attributes": {
            "id": "/subscriptions/469048f1-92af-4c71-a63b-330ec31d2b82/resourceGroups/terraform-arm",
            "location": "westeurope",
            "name": "terraform-arm",
            "tags": {}
          },
          "private": "bnVsbA=="
        }
      ]
    },
    {
      "mode": "managed",
      "type": "azurerm_storage_container",
      "name": "container",
      "provider": "provider.azurerm",
      "instances": [
        {
          "schema_version": 1,
          "attributes": {
            "container_access_type": "private",
            "has_immutability_policy": false,
            "has_legal_hold": false,
            "id": "https://terraformarm.blob.core.windows.net/logs",
            "metadata": {},
            "name": "logs",
            "properties": {
              "last_modified": "Sun, 09 Feb 2020 15:57:27 GMT",
              "lease_duration": "",
              "lease_state": "available",
              "lease_status": "unlocked"
            },
            "resource_group_name": "terraform-arm",
            "storage_account_name": "terraformarm"
          },
          "private": "eyJzY2hlbWFfdmVyc2lvbiI6IjEifQ==",
          "dependencies": [
            "azurerm_resource_group.terraform-arm",
            "azurerm_template_deployment.terraform-arm"
          ]
        }
      ]
    },
    {
      "mode": "managed",
      "type": "azurerm_template_deployment",
      "name": "terraform-arm",
      "provider": "provider.azurerm",
      "instances": [
        {
          "schema_version": 0,
          "attributes": {
            "deployment_mode": "Incremental",
            "id": "/subscriptions/469048f1-92af-4c71-a63b-330ec31d2b82/resourceGroups/terraform-arm/providers/Microsoft.Resources/deployments/terraform-arm-01",
            "name": "terraform-arm-01",
            "outputs": {
              "storageAccountName": "terraformarm"
            },
            "parameters": {
              "storageAccountName": "terraformarm",
              "storageAccountType": "Standard_LRS"
            },
            "parameters_body": null,
            "resource_group_name": "terraform-arm",
            "template_body": "{\"$schema\":\"https://schema.management.azure.com/schemas/2019-04-01/deploymentTemplate.json#\",\"contentVersion\":\"1.0.0.0\",\"functions\":[],\"outputs\":{\"storageAccountName\":{\"type\":\"string\",\"value\":\"[parameters('StorageAccountName')]\"}},\"parameters\":{\"StorageAccountName\":{\"metadata\":{\"description\":\"Name of Storage Account\"},\"type\":\"string\"},\"StorageAccountType\":{\"allowedValues\":[\"Standard_LRS\",\"Standard_GRS\",\"Standard_ZRS\"],\"metadata\":{\"description\":\"Type of storage to use\"},\"type\":\"string\"}},\"resources\":[{\"apiVersion\":\"2015-06-15\",\"location\":\"[resourceGroup().location]\",\"name\":\"[parameters('StorageAccountName')]\",\"properties\":{\"accountType\":\"[parameters('StorageAccountType')]\"},\"tags\":{\"displayName\":\"[parameters('StorageAccountName')]\"},\"type\":\"Microsoft.Storage/storageAccounts\"}],\"variables\":{}}"
          },
          "private": "bnVsbA==",
          "dependencies": [
            "azurerm_resource_group.terraform-arm"
          ]
        }
      ]
    }
  ]
}
